
Microsoft Visual Studio Solution File, Format Version 12.00
# Visual Studio Version 16
VisualStudioVersion = 16.0.30907.101
MinimumVisualStudioVersion = 10.0.40219.1
Project("{9A19103F-16F7-4668-BE54-9A1E7A4F7556}") = "MarsRover", "MarsRover\MarsRover.csproj", "{ADC7389F-5BC6-42E7-B6BB-1DB9E30BBAC1}"
EndProject
Project("{9A19103F-16F7-4668-BE54-9A1E7A4F7556}") = "MarsRoverUI", "MarsRoverUI\MarsRoverUI.csproj", "{9DFD4687-3B9E-44FB-8B02-5369153379BF}"
EndProject
Project("{FAE04EC0-301F-11D3-BF4B-00C04F79EFBC}") = "UnitTests", "UnitTests\UnitTests.csproj", "{EEF8F4D8-9659-4C98-9B81-3F460B5B56D3}"
EndProject
Global
	GlobalSection(SolutionConfigurationPlatforms) = preSolution
		Debug|Any CPU = Debug|Any CPU
		Release|Any CPU = Release|Any CPU
	EndGlobalSection
	GlobalSection(ProjectConfigurationPlatforms) = postSolution
		{ADC7389F-5BC6-42E7-B6BB-1DB9E30BBAC1}.Debug|Any CPU.ActiveCfg = Debug|Any CPU
		{ADC7389F-5BC6-42E7-B6BB-1DB9E30BBAC1}.Debug|Any CPU.Build.0 = Debug|Any CPU
		{ADC7389F-5BC6-42E7-B6BB-1DB9E30BBAC1}.Release|Any CPU.ActiveCfg = Release|Any CPU
		{ADC7389F-5BC6-42E7-B6BB-1DB9E30BBAC1}.Release|Any CPU.Build.0 = Release|Any CPU
		{9DFD4687-3B9E-44FB-8B02-5369153379BF}.Debug|Any CPU.ActiveCfg = Debug|Any CPU
		{9DFD4687-3B9E-44FB-8B02-5369153379BF}.Debug|Any CPU.Build.0 = Debug|Any CPU
		{9DFD4687-3B9E-44FB-8B02-5369153379BF}.Release|Any CPU.ActiveCfg = Release|Any CPU
		{9DFD4687-3B9E-44FB-8B02-5369153379BF}.Release|Any CPU.Build.0 = Release|Any CPU
		{EEF8F4D8-9659-4C98-9B81-3F460B5B56D3}.Debug|Any CPU.ActiveCfg = Debug|Any CPU
		{EEF8F4D8-9659-4C98-9B81-3F460B5B56D3}.Debug|Any CPU.Build.0 = Debug|Any CPU
		{EEF8F4D8-9659-4C98-9B81-3F460B5B56D3}.Release|Any CPU.ActiveCfg = Release|Any CPU
		{EEF8F4D8-9659-4C98-9B81-3F460B5B56D3}.Release|Any CPU.Build.0 = Release|Any CPU
	EndGlobalSection
	GlobalSection(SolutionProperties) = preSolution
		HideSolutionNode = FALSE
	EndGlobalSection
	GlobalSection(ExtensibilityGlobals) = postSolution
		SolutionGuid = {0B007AC6-BE25-4256-9223-0FE8BBDFD4DE}
	EndGlobalSection
EndGlobal
